# This file was autogenerated by Stack.
# You should not edit this file by hand.
# For more information, please see the documentation at:
#   https://docs.haskellstack.org/en/stable/lock_files

packages: []
snapshots:
- completed:
    size: 493692
    url: https://raw.githubusercontent.com/commercialhaskell/stackage-snapshots/master/nightly/2020/2/21.yaml
    sha256: f069358f2c919c720a8e79edab6cbfc16920395266b43c217a693b5952f3aa2d
  original: nightly-2020-02-21
