# This file was autogenerated by Stack.
# You should not edit this file by hand.
# For more information, please see the documentation at:
#   https://docs.haskellstack.org/en/stable/lock_files

packages: []
snapshots:
- completed:
    size: 531662
    url: https://raw.githubusercontent.com/commercialhaskell/stackage-snapshots/master/nightly/2020/6/10.yaml
    sha256: 3f0c6f4389c12730cb0a4bfb6d50da0ef8f725993410e0b4502dc2c3529221c0
  original: nightly-2020-06-10
